// !$*UTF8*$!
{
	archiveVersion = 1;
	classes = {
	};
	objectVersion = 50;
	objects = {

/* Begin PBXBuildFile section */
		736FF31F707358BAC678DA96 /* Pods_Kadai_2.framework in Frameworks */ = {isa = PBXBuildFile; fileRef = EDA835C84BEF00BEA9E79B5D /* Pods_Kadai_2.framework */; };
		D80035B2273189FC00AFF3DD /* AppDelegate.swift in Sources */ = {isa = PBXBuildFile; fileRef = D80035B1273189FC00AFF3DD /* AppDelegate.swift */; };
		D80035B4273189FC00AFF3DD /* SceneDelegate.swift in Sources */ = {isa = PBXBuildFile; fileRef = D80035B3273189FC00AFF3DD /* SceneDelegate.swift */; };
		D80035B6273189FC00AFF3DD /* ViewController.swift in Sources */ = {isa = PBXBuildFile; fileRef = D80035B5273189FC00AFF3DD /* ViewController.swift */; };
		D80035B9273189FC00AFF3DD /* Main.storyboard in Resources */ = {isa = PBXBuildFile; fileRef = D80035B7273189FC00AFF3DD /* Main.storyboard */; };
		D80035BB27318A0900AFF3DD /* Assets.xcassets in Resources */ = {isa = PBXBuildFile; fileRef = D80035BA27318A0900AFF3DD /* Assets.xcassets */; };
		D80035BE27318A0900AFF3DD /* LaunchScreen.storyboard in Resources */ = {isa = PBXBuildFile; fileRef = D80035BC27318A0900AFF3DD /* LaunchScreen.storyboard */; };
/* End PBXBuildFile section */

/* Begin PBXFileReference section */
		25C347D2F5D88ED483A6D5D4 /* Pods-Kadai-2.debug.xcconfig */ = {isa = PBXFileReference; includeInIndex = 1; lastKnownFileType = text.xcconfig; name = "Pods-Kadai-2.debug.xcconfig"; path = "Target Support Files/Pods-Kadai-2/Pods-Kadai-2.debug.xcconfig"; sourceTree = "<group>"; };
		D80035AE273189FB00AFF3DD /* Kadai-2.app */ = {isa = PBXFileReference; explicitFileType = wrapper.application; includeInIndex = 0; path = "Kadai-2.app"; sourceTree = BUILT_PRODUCTS_DIR; };
		D80035B1273189FC00AFF3DD /* AppDelegate.swift */ = {isa = PBXFileReference; lastKnownFileType = sourcecode.swift; path = AppDelegate.swift; sourceTree = "<group>"; };
		D80035B3273189FC00AFF3DD /* SceneDelegate.swift */ = {isa = PBXFileReference; lastKnownFileType = sourcecode.swift; path = SceneDelegate.swift; sourceTree = "<group>"; };
		D80035B5273189FC00AFF3DD /* ViewController.swift */ = {isa = PBXFileReference; lastKnownFileType = sourcecode.swift; path = ViewController.swift; sourceTree = "<group>"; };
		D80035B8273189FC00AFF3DD /* Base */ = {isa = PBXFileReference; lastKnownFileType = file.storyboard; name = Base; path = Base.lproj/Main.storyboard; sourceTree = "<group>"; };
		D80035BA27318A0900AFF3DD /* Assets.xcassets */ = {isa = PBXFileReference; lastKnownFileType = folder.assetcatalog; path = Assets.xcassets; sourceTree = "<group>"; };
		D80035BD27318A0900AFF3DD /* Base */ = {isa = PBXFileReference; lastKnownFileType = file.storyboard; name = Base; path = Base.lproj/LaunchScreen.storyboard; sourceTree = "<group>"; };
		D80035BF27318A0900AFF3DD /* Info.plist */ = {isa = PBXFileReference; lastKnownFileType = text.plist.xml; path = Info.plist; sourceTree = "<group>"; };
		EB0EB05A210293E4EE1D0902 /* Pods-Kadai-2.release.xcconfig */ = {isa = PBXFileReference; includeInIndex = 1; lastKnownFileType = text.xcconfig; name = "Pods-Kadai-2.release.xcconfig"; path = "Target Support Files/Pods-Kadai-2/Pods-Kadai-2.release.xcconfig"; sourceTree = "<group>"; };
		EDA835C84BEF00BEA9E79B5D /* Pods_Kadai_2.framework */ = {isa = PBXFileReference; explicitFileType = wrapper.framework; includeInIndex = 0; path = Pods_Kadai_2.framework; sourceTree = BUILT_PRODUCTS_DIR; };
/* End PBXFileReference section */

/* Begin PBXFrameworksBuildPhase section */
		D80035AB273189FB00AFF3DD /* Frameworks */ = {
			isa = PBXFrameworksBuildPhase;
			buildActionMask = 2147483647;
			files = (
				736FF31F707358BAC678DA96 /* Pods_Kadai_2.framework in Frameworks */,
			);
			runOnlyForDeploymentPostprocessing = 0;
		};
/* End PBXFrameworksBuildPhase section */

/* Begin PBXGroup section */
		0830160777B9D1E1CC33166E /* Frameworks */ = {
			isa = PBXGroup;
			children = (
				EDA835C84BEF00BEA9E79B5D /* Pods_Kadai_2.framework */,
			);
			name = Frameworks;
			sourceTree = "<group>";
		};
		3C822292A2F6146F4A5B2CC5 /* Pods */ = {
			isa = PBXGroup;
			children = (
				25C347D2F5D88ED483A6D5D4 /* Pods-Kadai-2.debug.xcconfig */,
				EB0EB05A210293E4EE1D0902 /* Pods-Kadai-2.release.xcconfig */,
			);
			path = Pods;
			sourceTree = "<group>";
		};
		D80035A5273189FB00AFF3DD = {
			isa = PBXGroup;
			children = (
				D80035B0273189FB00AFF3DD /* Kadai-2 */,
				D80035AF273189FB00AFF3DD /* Products */,
				3C822292A2F6146F4A5B2CC5 /* Pods */,
				0830160777B9D1E1CC33166E /* Frameworks */,
			);
			sourceTree = "<group>";
		};
		D80035AF273189FB00AFF3DD /* Products */ = {
			isa = PBXGroup;
			children = (
				D80035AE273189FB00AFF3DD /* Kadai-2.app */,
			);
			name = Products;
			sourceTree = "<group>";
		};
		D80035B0273189FB00AFF3DD /* Kadai-2 */ = {
			isa = PBXGroup;
			children = (
				D80035B1273189FC00AFF3DD /* AppDelegate.swift */,
				D80035B3273189FC00AFF3DD /* SceneDelegate.swift */,
				D80035B5273189FC00AFF3DD /* ViewController.swift */,
				D80035B7273189FC00AFF3DD /* Main.storyboard */,
				D80035BA27318A0900AFF3DD /* Assets.xcassets */,
				D80035BC27318A0900AFF3DD /* LaunchScreen.storyboard */,
				D80035BF27318A0900AFF3DD /* Info.plist */,
			);
			path = "Kadai-2";
			sourceTree = "<group>";
		};
/* End PBXGroup section */

/* Begin PBXNativeTarget section */
		D80035AD273189FB00AFF3DD /* Kadai-2 */ = {
			isa = PBXNativeTarget;
			buildConfigurationList = D80035C227318A0900AFF3DD /* Build configuration list for PBXNativeTarget "Kadai-2" */;
			buildPhases = (
				6FAF46FCF7B0EBB8B78410D0 /* [CP] Check Pods Manifest.lock */,
				D80035AA273189FB00AFF3DD /* Sources */,
				D80035AB273189FB00AFF3DD /* Frameworks */,
				D80035AC273189FB00AFF3DD /* Resources */,
				D80035C727318BFE00AFF3DD /* ShellScript */,
			);
			buildRules = (
			);
			dependencies = (
			);
			name = "Kadai-2";
			productName = "Kadai-2";
			productReference = D80035AE273189FB00AFF3DD /* Kadai-2.app */;
			productType = "com.apple.product-type.application";
		};
/* End PBXNativeTarget section */

/* Begin PBXProject section */
		D80035A6273189FB00AFF3DD /* Project object */ = {
			isa = PBXProject;
			attributes = {
				LastSwiftUpdateCheck = 1240;
				LastUpgradeCheck = 1240;
				TargetAttributes = {
					D80035AD273189FB00AFF3DD = {
						CreatedOnToolsVersion = 12.4;
					};
				};
			};
			buildConfigurationList = D80035A9273189FB00AFF3DD /* Build configuration list for PBXProject "Kadai-2" */;
			compatibilityVersion = "Xcode 9.3";
			developmentRegion = en;
			hasScannedForEncodings = 0;
			knownRegions = (
				en,
				Base,
			);
			mainGroup = D80035A5273189FB00AFF3DD;
			productRefGroup = D80035AF273189FB00AFF3DD /* Products */;
			projectDirPath = "";
			projectRoot = "";
			targets = (
				D80035AD273189FB00AFF3DD /* Kadai-2 */,
			);
		};
/* End PBXProject section */

/* Begin PBXResourcesBuildPhase section */
		D80035AC273189FB00AFF3DD /* Resources */ = {
			isa = PBXResourcesBuildPhase;
			buildActionMask = 2147483647;
			files = (
				D80035BE27318A0900AFF3DD /* LaunchScreen.storyboard in Resources */,
				D80035BB27318A0900AFF3DD /* Assets.xcassets in Resources */,
				D80035B9273189FC00AFF3DD /* Main.storyboard in Resources */,
			);
			runOnlyForDeploymentPostprocessing = 0;
		};
/* End PBXResourcesBuildPhase section */

/* Begin PBXShellScriptBuildPhase section */
		6FAF46FCF7B0EBB8B78410D0 /* [CP] Check Pods Manifest.lock */ = {
			isa = PBXShellScriptBuildPhase;
			buildActionMask = 2147483647;
			files = (
			);
			inputFileListPaths = (
			);
			inputPaths = (
				"${PODS_PODFILE_DIR_PATH}/Podfile.lock",
				"${PODS_ROOT}/Manifest.lock",
			);
			name = "[CP] Check Pods Manifest.lock";
			outputFileListPaths = (
			);
			outputPaths = (
				"$(DERIVED_FILE_DIR)/Pods-Kadai-2-checkManifestLockResult.txt",
			);
			runOnlyForDeploymentPostprocessing = 0;
			shellPath = /bin/sh;
			shellScript = "diff \"${PODS_PODFILE_DIR_PATH}/Podfile.lock\" \"${PODS_ROOT}/Manifest.lock\" > /dev/null\nif [ $? != 0 ] ; then\n    # print error to STDERR\n    echo \"error: The sandbox is not in sync with the Podfile.lock. Run 'pod install' or update your CocoaPods installation.\" >&2\n    exit 1\nfi\n# This output is used by Xcode 'outputs' to avoid re-running this script phase.\necho \"SUCCESS\" > \"${SCRIPT_OUTPUT_FILE_0}\"\n";
			showEnvVarsInLog = 0;
		};
		D80035C727318BFE00AFF3DD /* ShellScript */ = {
			isa = PBXShellScriptBuildPhase;
			buildActionMask = 2147483647;
			files = (
			);
			inputFileListPaths = (
			);
			inputPaths = (
			);
			outputFileListPaths = (
			);
			outputPaths = (
			);
			runOnlyForDeploymentPostprocessing = 0;
			shellPath = /bin/sh;
			shellScript = "if which \"${PODS_ROOT}/SwiftLint/swiftlint\" >/dev/null; then\n${PODS_ROOT}/SwiftLint/swiftlint\nelse\necho \"warning: SwiftLint not installed, download from https://github.com/realm/SwiftLint\"\nfi\n";
		};
/* End PBXShellScriptBuildPhase section */

/* Begin PBXSourcesBuildPhase section */
		D80035AA273189FB00AFF3DD /* Sources */ = {
			isa = PBXSourcesBuildPhase;
			buildActionMask = 2147483647;
			files = (
				D80035B6273189FC00AFF3DD /* ViewController.swift in Sources */,
				D80035B2273189FC00AFF3DD /* AppDelegate.swift in Sources */,
				D80035B4273189FC00AFF3DD /* SceneDelegate.swift in Sources */,
			);
			runOnlyForDeploymentPostprocessing = 0;
		};
/* End PBXSourcesBuildPhase section */

/* Begin PBXVariantGroup section */
		D80035B7273189FC00AFF3DD /* Main.storyboard */ = {
			isa = PBXVariantGroup;
			children = (
				D80035B8273189FC00AFF3DD /* Base */,
			);
			name = Main.storyboard;
			sourceTree = "<group>";
		};
		D80035BC27318A0900AFF3DD /* LaunchScreen.storyboard */ = {
			isa = PBXVariantGroup;
			children = (
				D80035BD27318A0900AFF3DD /* Base */,
			);
			name = LaunchScreen.storyboard;
			sourceTree = "<group>";
		};
/* End PBXVariantGroup section */

/* Begin XCBuildConfiguration section */
		D80035C027318A0900AFF3DD /* Debug */ = {
			isa = XCBuildConfiguration;
			buildSettings = {
				ALWAYS_SEARCH_USER_PATHS = NO;
				CLANG_ANALYZER_NONNULL = YES;
				CLANG_ANALYZER_NUMBER_OBJECT_CONVERSION = YES_AGGRESSIVE;
				CLANG_CXX_LANGUAGE_STANDARD = "gnu++14";
				CLANG_CXX_LIBRARY = "libc++";
				CLANG_ENABLE_MODULES = YES;
				CLANG_ENABLE_OBJC_ARC = YES;
				CLANG_ENABLE_OBJC_WEAK = YES;
				CLANG_WARN_BLOCK_CAPTURE_AUTORELEASING = YES;
				CLANG_WARN_BOOL_CONVERSION = YES;
				CLANG_WARN_COMMA = YES;
				CLANG_WARN_CONSTANT_CONVERSION = YES;
				CLANG_WARN_DEPRECATED_OBJC_IMPLEMENTATIONS = YES;
				CLANG_WARN_DIRECT_OBJC_ISA_USAGE = YES_ERROR;
				CLANG_WARN_DOCUMENTATION_COMMENTS = YES;
				CLANG_WARN_EMPTY_BODY = YES;
				CLANG_WARN_ENUM_CONVERSION = YES;
				CLANG_WARN_INFINITE_RECURSION = YES;
				CLANG_WARN_INT_CONVERSION = YES;
				CLANG_WARN_NON_LITERAL_NULL_CONVERSION = YES;
				CLANG_WARN_OBJC_IMPLICIT_RETAIN_SELF = YES;
				CLANG_WARN_OBJC_LITERAL_CONVERSION = YES;
				CLANG_WARN_OBJC_ROOT_CLASS = YES_ERROR;
				CLANG_WARN_QUOTED_INCLUDE_IN_FRAMEWORK_HEADER = YES;
				CLANG_WARN_RANGE_LOOP_ANALYSIS = YES;
				CLANG_WARN_STRICT_PROTOTYPES = YES;
				CLANG_WARN_SUSPICIOUS_MOVE = YES;
				CLANG_WARN_UNGUARDED_AVAILABILITY = YES_AGGRESSIVE;
				CLANG_WARN_UNREACHABLE_CODE = YES;
				CLANG_WARN__DUPLICATE_METHOD_MATCH = YES;
				COPY_PHASE_STRIP = NO;
				DEBUG_INFORMATION_FORMAT = dwarf;
				ENABLE_STRICT_OBJC_MSGSEND = YES;
				ENABLE_TESTABILITY = YES;
				GCC_C_LANGUAGE_STANDARD = gnu11;
				GCC_DYNAMIC_NO_PIC = NO;
				GCC_NO_COMMON_BLOCKS = YES;
				GCC_OPTIMIZATION_LEVEL = 0;
				GCC_PREPROCESSOR_DEFINITIONS = (
					"DEBUG=1",
					"$(inherited)",
				);
				GCC_WARN_64_TO_32_BIT_CONVERSION = YES;
				GCC_WARN_ABOUT_RETURN_TYPE = YES_ERROR;
				GCC_WARN_UNDECLARED_SELECTOR = YES;
				GCC_WARN_UNINITIALIZED_AUTOS = YES_AGGRESSIVE;
				GCC_WARN_UNUSED_FUNCTION = YES;
				GCC_WARN_UNUSED_VARIABLE = YES;
				IPHONEOS_DEPLOYMENT_TARGET = 14.4;
				MTL_ENABLE_DEBUG_INFO = INCLUDE_SOURCE;
				MTL_FAST_MATH = YES;
				ONLY_ACTIVE_ARCH = YES;
				SDKROOT = iphoneos;
				SWIFT_ACTIVE_COMPILATION_CONDITIONS = DEBUG;
				SWIFT_OPTIMIZATION_LEVEL = "-Onone";
			};
			name = Debug;
		};
		D80035C127318A0900AFF3DD /* Release */ = {
			isa = XCBuildConfiguration;
			buildSettings = {
				ALWAYS_SEARCH_USER_PATHS = NO;
				CLANG_ANALYZER_NONNULL = YES;
				CLANG_ANALYZER_NUMBER_OBJECT_CONVERSION = YES_AGGRESSIVE;
				CLANG_CXX_LANGUAGE_STANDARD = "gnu++14";
				CLANG_CXX_LIBRARY = "libc++";
				CLANG_ENABLE_MODULES = YES;
				CLANG_ENABLE_OBJC_ARC = YES;
				CLANG_ENABLE_OBJC_WEAK = YES;
				CLANG_WARN_BLOCK_CAPTURE_AUTORELEASING = YES;
				CLANG_WARN_BOOL_CONVERSION = YES;
				CLANG_WARN_COMMA = YES;
				CLANG_WARN_CONSTANT_CONVERSION = YES;
				CLANG_WARN_DEPRECATED_OBJC_IMPLEMENTATIONS = YES;
				CLANG_WARN_DIRECT_OBJC_ISA_USAGE = YES_ERROR;
				CLANG_WARN_DOCUMENTATION_COMMENTS = YES;
				CLANG_WARN_EMPTY_BODY = YES;
				CLANG_WARN_ENUM_CONVERSION = YES;
				CLANG_WARN_INFINITE_RECURSION = YES;
				CLANG_WARN_INT_CONVERSION = YES;
				CLANG_WARN_NON_LITERAL_NULL_CONVERSION = YES;
				CLANG_WARN_OBJC_IMPLICIT_RETAIN_SELF = YES;
				CLANG_WARN_OBJC_LITERAL_CONVERSION = YES;
				CLANG_WARN_OBJC_ROOT_CLASS = YES_ERROR;
				CLANG_WARN_QUOTED_INCLUDE_IN_FRAMEWORK_HEADER = YES;
				CLANG_WARN_RANGE_LOOP_ANALYSIS = YES;
				CLANG_WARN_STRICT_PROTOTYPES = YES;
				CLANG_WARN_SUSPICIOUS_MOVE = YES;
				CLANG_WARN_UNGUARDED_AVAILABILITY = YES_AGGRESSIVE;
				CLANG_WARN_UNREACHABLE_CODE = YES;
				CLANG_WARN__DUPLICATE_METHOD_MATCH = YES;
				COPY_PHASE_STRIP = NO;
				DEBUG_INFORMATION_FORMAT = "dwarf-with-dsym";
				ENABLE_NS_ASSERTIONS = NO;
				ENABLE_STRICT_OBJC_MSGSEND = YES;
				GCC_C_LANGUAGE_STANDARD = gnu11;
				GCC_NO_COMMON_BLOCKS = YES;
				GCC_WARN_64_TO_32_BIT_CONVERSION = YES;
				GCC_WARN_ABOUT_RETURN_TYPE = YES_ERROR;
				GCC_WARN_UNDECLARED_SELECTOR = YES;
				GCC_WARN_UNINITIALIZED_AUTOS = YES_AGGRESSIVE;
				GCC_WARN_UNUSED_FUNCTION = YES;
				GCC_WARN_UNUSED_VARIABLE = YES;
				IPHONEOS_DEPLOYMENT_TARGET = 14.4;
				MTL_ENABLE_DEBUG_INFO = NO;
				MTL_FAST_MATH = YES;
				SDKROOT = iphoneos;
				SWIFT_COMPILATION_MODE = wholemodule;
				SWIFT_OPTIMIZATION_LEVEL = "-O";
				VALIDATE_PRODUCT = YES;
			};
			name = Release;
		};
		D80035C327318A0900AFF3DD /* Debug */ = {
			isa = XCBuildConfiguration;
			baseConfigurationReference = 25C347D2F5D88ED483A6D5D4 /* Pods-Kadai-2.debug.xcconfig */;
			buildSettings = {
				ASSETCATALOG_COMPILER_APPICON_NAME = AppIcon;
				ASSETCATALOG_COMPILER_GLOBAL_ACCENT_COLOR_NAME = AccentColor;
				CODE_SIGN_STYLE = Automatic;
				DEVELOPMENT_TEAM = 7AAG7H24T5;
				INFOPLIST_FILE = "Kadai-2/Info.plist";
				LD_RUNPATH_SEARCH_PATHS = (
					"$(inherited)",
					"@executable_path/Frameworks",
				);
				PRODUCT_BUNDLE_IDENTIFIER = "com.gmail-mode.sh0k0.c.Kadai-2";
				PRODUCT_NAME = "$(TARGET_NAME)";
				SWIFT_VERSION = 5.0;
				TARGETED_DEVICE_FAMILY = "1,2";
			};
			name = Debug;
		};
		D80035C427318A0900AFF3DD /* Release */ = {
			isa = XCBuildConfiguration;
			baseConfigurationReference = EB0EB05A210293E4EE1D0902 /* Pods-Kadai-2.release.xcconfig */;
			buildSettings = {
				ASSETCATALOG_COMPILER_APPICON_NAME = AppIcon;
				ASSETCATALOG_COMPILER_GLOBAL_ACCENT_COLOR_NAME = AccentColor;
				CODE_SIGN_STYLE = Automatic;
				DEVELOPMENT_TEAM = 7AAG7H24T5;
				INFOPLIST_FILE = "Kadai-2/Info.plist";
				LD_RUNPATH_SEARCH_PATHS = (
					"$(inherited)",
					"@executable_path/Frameworks",
				);
				PRODUCT_BUNDLE_IDENTIFIER = "com.gmail-mode.sh0k0.c.Kadai-2";
				PRODUCT_NAME = "$(TARGET_NAME)";
				SWIFT_VERSION = 5.0;
				TARGETED_DEVICE_FAMILY = "1,2";
			};
			name = Release;
		};
/* End XCBuildConfiguration section */

/* Begin XCConfigurationList section */
		D80035A9273189FB00AFF3DD /* Build configuration list for PBXProject "Kadai-2" */ = {
			isa = XCConfigurationList;
			buildConfigurations = (
				D80035C027318A0900AFF3DD /* Debug */,
				D80035C127318A0900AFF3DD /* Release */,
			);
			defaultConfigurationIsVisible = 0;
			defaultConfigurationName = Release;
		};
		D80035C227318A0900AFF3DD /* Build configuration list for PBXNativeTarget "Kadai-2" */ = {
			isa = XCConfigurationList;
			buildConfigurations = (
				D80035C327318A0900AFF3DD /* Debug */,
				D80035C427318A0900AFF3DD /* Release */,
			);
			defaultConfigurationIsVisible = 0;
			defaultConfigurationName = Release;
		};
/* End XCConfigurationList section */
	};
	rootObject = D80035A6273189FB00AFF3DD /* Project object */;
}
